// !$*UTF8*$!
{
	archiveVersion = 1;
	classes = {
	};
	objectVersion = 46;
	objects = {

/* Begin PBXBuildFile section */
		9780A1C48A6C290BCFFC2975 /* Info.plist in Resources */ = {isa = PBXBuildFile; fileRef = 9780A08DA6BDD95C91ACD419 /* Info.plist */; };
		9780A44F28D2233D96A9915E /* Assets.xcassets in Resources */ = {isa = PBXBuildFile; fileRef = 9780AE0F89E3F423D82B79AF /* Assets.xcassets */; };
		9780A46A1B4C7CE2C406D87D /* LaunchScreen.storyboard in Resources */ = {isa = PBXBuildFile; fileRef = 9780AB659709618FAABC71EA /* LaunchScreen.storyboard */; };
		9780A59FE79DE5FFB9A172FE /* iOS多线程UITests.m in Sources */ = {isa = PBXBuildFile; fileRef = 9780A39F84BD9FE0F70168F8 /* iOS多线程UITests.m */; };
		9780A6EFECDEFE90BECA5195 /* iOS多线程Tests.m in Sources */ = {isa = PBXBuildFile; fileRef = 9780A41D708368CD82CBD777 /* iOS多线程Tests.m */; };
		9780A83E2987F47D7D766432 /* main.m in Sources */ = {isa = PBXBuildFile; fileRef = 9780A62E398E102A39C672FD /* main.m */; };
		9780A85C0D698975B82F4E6D /* AppDelegate.m in Sources */ = {isa = PBXBuildFile; fileRef = 9780A3B974B7469559B947C4 /* AppDelegate.m */; };
		9780A944DCF2694A3CA8B796 /* Info.plist in Resources */ = {isa = PBXBuildFile; fileRef = 9780A52223988A42FCB01738 /* Info.plist */; };
		9780AAC70EFBF45CF78C5138 /* Info.plist in Resources */ = {isa = PBXBuildFile; fileRef = 9780A01A3C06C317F69BF36D /* Info.plist */; };
		9780AE3EB62FFA5391E0673F /* ViewController.m in Sources */ = {isa = PBXBuildFile; fileRef = 9780A3AAC961FE824B18C0D3 /* ViewController.m */; };
		9780AF07FC78C7C17A3F5A12 /* Main.storyboard in Resources */ = {isa = PBXBuildFile; fileRef = 9780AACCB898194B10DBF517 /* Main.storyboard */; };
/* End PBXBuildFile section */

/* Begin PBXContainerItemProxy section */
		9780A63794CF30026D04623E /* PBXContainerItemProxy */ = {
			isa = PBXContainerItemProxy;
			containerPortal = 9780AA1A099D8D11B638E1B7 /* Project object */;
			proxyType = 1;
			remoteGlobalIDString = 9780A8AC3F5FAB23515FB5BC;
			remoteInfo = "iOS多线程";
		};
		9780AD9DF564B71BC18B80B2 /* PBXContainerItemProxy */ = {
			isa = PBXContainerItemProxy;
			containerPortal = 9780AA1A099D8D11B638E1B7 /* Project object */;
			proxyType = 1;
			remoteGlobalIDString = 9780A8AC3F5FAB23515FB5BC;
			remoteInfo = "iOS多线程";
		};
/* End PBXContainerItemProxy section */

/* Begin PBXFileReference section */
		9780A01A3C06C317F69BF36D /* Info.plist */ = {isa = PBXFileReference; lastKnownFileType = text.plist.info; path = Info.plist; sourceTree = "<group>"; };
		9780A08DA6BDD95C91ACD419 /* Info.plist */ = {isa = PBXFileReference; lastKnownFileType = text.plist.info; path = Info.plist; sourceTree = "<group>"; };
		9780A0A9842493CCA6255DD5 /* AppDelegate.h */ = {isa = PBXFileReference; lastKnownFileType = sourcecode.c.h; path = AppDelegate.h; sourceTree = "<group>"; };
		9780A14BA4B6EF197503F8EF /* Base */ = {isa = PBXFileReference; lastKnownFileType = file.storyboard; name = Base; path = Base.lproj/LaunchScreen.storyboard; sourceTree = "<group>"; };
		9780A2AD4CA234BC0F83FAFE /* iOS多线程UITests.xctest */ = {isa = PBXFileReference; explicitFileType = wrapper.cfbundle; includeInIndex = 0; path = "iOS多线程UITests.xctest"; sourceTree = BUILT_PRODUCTS_DIR; };
		9780A39F84BD9FE0F70168F8 /* iOS多线程UITests.m */ = {isa = PBXFileReference; lastKnownFileType = sourcecode.c.objc; path = "iOS多线程UITests.m"; sourceTree = "<group>"; };
		9780A3AAC961FE824B18C0D3 /* ViewController.m */ = {isa = PBXFileReference; lastKnownFileType = sourcecode.c.objc; path = ViewController.m; sourceTree = "<group>"; };
		9780A3B974B7469559B947C4 /* AppDelegate.m */ = {isa = PBXFileReference; lastKnownFileType = sourcecode.c.objc; path = AppDelegate.m; sourceTree = "<group>"; };
		9780A4043633F17799C62BEC /* iOS多线程Tests.xctest */ = {isa = PBXFileReference; explicitFileType = wrapper.cfbundle; includeInIndex = 0; path = "iOS多线程Tests.xctest"; sourceTree = BUILT_PRODUCTS_DIR; };
		9780A41D708368CD82CBD777 /* iOS多线程Tests.m */ = {isa = PBXFileReference; lastKnownFileType = sourcecode.c.objc; path = "iOS多线程Tests.m"; sourceTree = "<group>"; };
		9780A52223988A42FCB01738 /* Info.plist */ = {isa = PBXFileReference; lastKnownFileType = text.plist.info; path = Info.plist; sourceTree = "<group>"; };
		9780A62E398E102A39C672FD /* main.m */ = {isa = PBXFileReference; lastKnownFileType = sourcecode.c.objc; path = main.m; sourceTree = "<group>"; };
		9780A70341E6174F5B649E51 /* iOS多线程.app */ = {isa = PBXFileReference; explicitFileType = wrapper.application; includeInIndex = 0; path = "iOS多线程.app"; sourceTree = BUILT_PRODUCTS_DIR; };
		9780AC6431FDB41022E6BC37 /* ViewController.h */ = {isa = PBXFileReference; lastKnownFileType = sourcecode.c.h; path = ViewController.h; sourceTree = "<group>"; };
		9780ACF71ADDCB2B4E080570 /* Base */ = {isa = PBXFileReference; lastKnownFileType = file.storyboard; name = Base; path = Base.lproj/Main.storyboard; sourceTree = "<group>"; };
		9780AE0F89E3F423D82B79AF /* Assets.xcassets */ = {isa = PBXFileReference; lastKnownFileType = folder.assetcatalog; path = Assets.xcassets; sourceTree = "<group>"; };
/* End PBXFileReference section */

/* Begin PBXFrameworksBuildPhase section */
		9780A426D40D76D91E06C114 /* Frameworks */ = {
			isa = PBXFrameworksBuildPhase;
			buildActionMask = 2147483647;
			files = (
			);
			runOnlyForDeploymentPostprocessing = 0;
		};
		9780A5ADFF7BA57EBE0EC490 /* Frameworks */ = {
			isa = PBXFrameworksBuildPhase;
			buildActionMask = 2147483647;
			files = (
			);
			runOnlyForDeploymentPostprocessing = 0;
		};
		9780AAB051B0BB787494D476 /* Frameworks */ = {
			isa = PBXFrameworksBuildPhase;
			buildActionMask = 2147483647;
			files = (
			);
			runOnlyForDeploymentPostprocessing = 0;
		};
/* End PBXFrameworksBuildPhase section */

/* Begin PBXGroup section */
		9780A12B5DF97A8140197FC3 /* iOS多线程 */ = {
			isa = PBXGroup;
			children = (
				9780A08DA6BDD95C91ACD419 /* Info.plist */,
				9780AE0F89E3F423D82B79AF /* Assets.xcassets */,
				9780AB659709618FAABC71EA /* LaunchScreen.storyboard */,
				9780AE54A282CE409A2B3D44 /* Supporting Files */,
				9780A0A9842493CCA6255DD5 /* AppDelegate.h */,
				9780A3B974B7469559B947C4 /* AppDelegate.m */,
				9780AACCB898194B10DBF517 /* Main.storyboard */,
				9780AC6431FDB41022E6BC37 /* ViewController.h */,
				9780A3AAC961FE824B18C0D3 /* ViewController.m */,
			);
			path = "iOS多线程";
			sourceTree = "<group>";
		};
		9780A257FA75C42A7918DDDD = {
			isa = PBXGroup;
			children = (
				9780A703BFC1F5EAA44267B4 /* Products */,
				9780A12B5DF97A8140197FC3 /* iOS多线程 */,
				9780A4B5A947074C8FACEBDB /* iOS多线程Tests */,
				9780ACF64B1A3668CCD82BFA /* iOS多线程UITests */,
			);
			sourceTree = "<group>";
		};
		9780A4B5A947074C8FACEBDB /* iOS多线程Tests */ = {
			isa = PBXGroup;
			children = (
				9780A01A3C06C317F69BF36D /* Info.plist */,
				9780A41D708368CD82CBD777 /* iOS多线程Tests.m */,
			);
			path = "iOS多线程Tests";
			sourceTree = "<group>";
		};
		9780A703BFC1F5EAA44267B4 /* Products */ = {
			isa = PBXGroup;
			children = (
				9780A70341E6174F5B649E51 /* iOS多线程.app */,
				9780A4043633F17799C62BEC /* iOS多线程Tests.xctest */,
				9780A2AD4CA234BC0F83FAFE /* iOS多线程UITests.xctest */,
			);
			name = Products;
			sourceTree = "<group>";
		};
		9780ACF64B1A3668CCD82BFA /* iOS多线程UITests */ = {
			isa = PBXGroup;
			children = (
				9780A52223988A42FCB01738 /* Info.plist */,
				9780A39F84BD9FE0F70168F8 /* iOS多线程UITests.m */,
			);
			path = "iOS多线程UITests";
			sourceTree = "<group>";
		};
		9780AE54A282CE409A2B3D44 /* Supporting Files */ = {
			isa = PBXGroup;
			children = (
				9780A62E398E102A39C672FD /* main.m */,
			);
			name = "Supporting Files";
			sourceTree = "<group>";
		};
/* End PBXGroup section */

/* Begin PBXNativeTarget section */
		9780A257C7FB15587A666833 /* iOS多线程Tests */ = {
			isa = PBXNativeTarget;
			buildConfigurationList = 9780A1D2FCE4040CD81BA2D2 /* Build configuration list for PBXNativeTarget "iOS多线程Tests" */;
			buildPhases = (
				9780A0A95AC4ED7A2AA9CAE1 /* Sources */,
				9780A5ADFF7BA57EBE0EC490 /* Frameworks */,
				9780A20E06B14CF9C9901231 /* Resources */,
			);
			buildRules = (
			);
			dependencies = (
				9780A000C55C199BABFD756D /* PBXTargetDependency */,
			);
			name = "iOS多线程Tests";
			productName = "iOS多线程Tests";
			productReference = 9780A4043633F17799C62BEC /* iOS多线程Tests.xctest */;
			productType = "com.apple.product-type.bundle.unit-test";
		};
		9780A8AC3F5FAB23515FB5BC /* iOS多线程 */ = {
			isa = PBXNativeTarget;
			buildConfigurationList = 9780AA4BC48583609D3B77BE /* Build configuration list for PBXNativeTarget "iOS多线程" */;
			buildPhases = (
				9780AE61193F39970CC13CCD /* Sources */,
				9780A426D40D76D91E06C114 /* Frameworks */,
				9780A5D96FBEF4C27EF29BF0 /* Resources */,
			);
			buildRules = (
			);
			dependencies = (
			);
			name = "iOS多线程";
			productName = "iOS多线程";
			productReference = 9780A70341E6174F5B649E51 /* iOS多线程.app */;
			productType = "com.apple.product-type.application";
		};
		9780AE98FD647E95DC90FD15 /* iOS多线程UITests */ = {
			isa = PBXNativeTarget;
			buildConfigurationList = 9780AD0C80CF23A281227698 /* Build configuration list for PBXNativeTarget "iOS多线程UITests" */;
			buildPhases = (
				9780AFCF8C5AD2095153B7C5 /* Sources */,
				9780AAB051B0BB787494D476 /* Frameworks */,
				9780AF559B6AAF3E3BADD3F6 /* Resources */,
			);
			buildRules = (
			);
			dependencies = (
				9780A205D86069FB775DC127 /* PBXTargetDependency */,
			);
			name = "iOS多线程UITests";
			productName = "iOS多线程UITests";
			productReference = 9780A2AD4CA234BC0F83FAFE /* iOS多线程UITests.xctest */;
			productType = "com.apple.product-type.bundle.ui-testing";
		};
/* End PBXNativeTarget section */

/* Begin PBXProject section */
		9780AA1A099D8D11B638E1B7 /* Project object */ = {
			isa = PBXProject;
			attributes = {
				ORGANIZATIONNAME = "___Beautilut___";
			};
			buildConfigurationList = 9780A0321995514D551DF012 /* Build configuration list for PBXProject "iOS多线程" */;
			compatibilityVersion = "Xcode 3.2";
			developmentRegion = English;
			hasScannedForEncodings = 0;
			knownRegions = (
				en,
			);
			mainGroup = 9780A257FA75C42A7918DDDD;
			productRefGroup = 9780A703BFC1F5EAA44267B4 /* Products */;
			projectDirPath = "";
			projectRoot = "";
			targets = (
				9780A8AC3F5FAB23515FB5BC /* iOS多线程 */,
				9780A257C7FB15587A666833 /* iOS多线程Tests */,
				9780AE98FD647E95DC90FD15 /* iOS多线程UITests */,
			);
		};
/* End PBXProject section */

/* Begin PBXResourcesBuildPhase section */
		9780A20E06B14CF9C9901231 /* Resources */ = {
			isa = PBXResourcesBuildPhase;
			buildActionMask = 2147483647;
			files = (
				9780AAC70EFBF45CF78C5138 /* Info.plist in Resources */,
			);
			runOnlyForDeploymentPostprocessing = 0;
		};
		9780A5D96FBEF4C27EF29BF0 /* Resources */ = {
			isa = PBXResourcesBuildPhase;
			buildActionMask = 2147483647;
			files = (
				9780A1C48A6C290BCFFC2975 /* Info.plist in Resources */,
				9780A44F28D2233D96A9915E /* Assets.xcassets in Resources */,
				9780A46A1B4C7CE2C406D87D /* LaunchScreen.storyboard in Resources */,
				9780AF07FC78C7C17A3F5A12 /* Main.storyboard in Resources */,
			);
			runOnlyForDeploymentPostprocessing = 0;
		};
		9780AF559B6AAF3E3BADD3F6 /* Resources */ = {
			isa = PBXResourcesBuildPhase;
			buildActionMask = 2147483647;
			files = (
				9780A944DCF2694A3CA8B796 /* Info.plist in Resources */,
			);
			runOnlyForDeploymentPostprocessing = 0;
		};
/* End PBXResourcesBuildPhase section */

/* Begin PBXSourcesBuildPhase section */
		9780A0A95AC4ED7A2AA9CAE1 /* Sources */ = {
			isa = PBXSourcesBuildPhase;
			buildActionMask = 2147483647;
			files = (
				9780A6EFECDEFE90BECA5195 /* iOS多线程Tests.m in Sources */,
			);
			runOnlyForDeploymentPostprocessing = 0;
		};
		9780AE61193F39970CC13CCD /* Sources */ = {
			isa = PBXSourcesBuildPhase;
			buildActionMask = 2147483647;
			files = (
				9780A83E2987F47D7D766432 /* main.m in Sources */,
				9780A85C0D698975B82F4E6D /* AppDelegate.m in Sources */,
				9780AE3EB62FFA5391E0673F /* ViewController.m in Sources */,
			);
			runOnlyForDeploymentPostprocessing = 0;
		};
		9780AFCF8C5AD2095153B7C5 /* Sources */ = {
			isa = PBXSourcesBuildPhase;
			buildActionMask = 2147483647;
			files = (
				9780A59FE79DE5FFB9A172FE /* iOS多线程UITests.m in Sources */,
			);
			runOnlyForDeploymentPostprocessing = 0;
		};
/* End PBXSourcesBuildPhase section */

/* Begin PBXTargetDependency section */
		9780A000C55C199BABFD756D /* PBXTargetDependency */ = {
			isa = PBXTargetDependency;
			target = 9780A8AC3F5FAB23515FB5BC /* iOS多线程 */;
			targetProxy = 9780A63794CF30026D04623E /* PBXContainerItemProxy */;
		};
		9780A205D86069FB775DC127 /* PBXTargetDependency */ = {
			isa = PBXTargetDependency;
			target = 9780A8AC3F5FAB23515FB5BC /* iOS多线程 */;
			targetProxy = 9780AD9DF564B71BC18B80B2 /* PBXContainerItemProxy */;
		};
/* End PBXTargetDependency section */

/* Begin PBXVariantGroup section */
		9780AACCB898194B10DBF517 /* Main.storyboard */ = {
			isa = PBXVariantGroup;
			children = (
				9780ACF71ADDCB2B4E080570 /* Base */,
			);
			name = Main.storyboard;
			sourceTree = "<group>";
		};
		9780AB659709618FAABC71EA /* LaunchScreen.storyboard */ = {
			isa = PBXVariantGroup;
			children = (
				9780A14BA4B6EF197503F8EF /* Base */,
			);
			name = LaunchScreen.storyboard;
			sourceTree = "<group>";
		};
/* End PBXVariantGroup section */

/* Begin XCBuildConfiguration section */
		9780A16080FA4296947E2507 /* Debug */ = {
			isa = XCBuildConfiguration;
			buildSettings = {
				BUNDLE_LOADER = "$(BUILT_PRODUCTS_DIR)/iOS多线程.app/iOS多线程";
				INFOPLIST_FILE = "iOS多线程Tests/Info.plist";
				LD_RUNPATH_SEARCH_PATHS = "$(inherited) @executable_path/Frameworks @loader_path/Frameworks";
				PRODUCT_BUNDLE_IDENTIFIER = "com.beautilut.iOS多线程Tests";
				PRODUCT_NAME = "$(TARGET_NAME)";
				TEST_HOST = "$(BUNDLE_LOADER)";
			};
			name = Debug;
		};
		9780A44FDEDBD2E429F1D30C /* Debug */ = {
			isa = XCBuildConfiguration;
			buildSettings = {
				ALWAYS_SEARCH_USER_PATHS = NO;
				CLANG_ANALYZER_NONNULL = YES;
				CLANG_CXX_LANGUAGE_STANDARD = "gnu++0x";
				CLANG_CXX_LIBRARY = "libc++";
				CLANG_ENABLE_MODULES = YES;
				CLANG_ENABLE_OBJC_ARC = YES;
				CLANG_WARN_BOOL_CONVERSION = YES;
				CLANG_WARN_CONSTANT_CONVERSION = YES;
				CLANG_WARN_DIRECT_OBJC_ISA_USAGE = YES_ERROR;
				CLANG_WARN_DOCUMENTATION_COMMENTS = YES;
				CLANG_WARN_EMPTY_BODY = YES;
				CLANG_WARN_ENUM_CONVERSION = YES;
				CLANG_WARN_INFINITE_RECURSION = YES;
				CLANG_WARN_INT_CONVERSION = YES;
				CLANG_WARN_OBJC_ROOT_CLASS = YES_ERROR;
				CLANG_WARN_SUSPICIOUS_MOVE = YES;
				CLANG_WARN_UNREACHABLE_CODE = YES;
				CLANG_WARN__DUPLICATE_METHOD_MATCH = YES;
				"CODE_SIGN_IDENTITY[sdk=iphoneos*]" = "iPhone Developer";
				COPY_PHASE_STRIP = NO;
				DEBUG_INFORMATION_FORMAT = dwarf;
				ENABLE_STRICT_OBJC_MSGSEND = YES;
				ENABLE_TESTABILITY = YES;
				GCC_C_LANGUAGE_STANDARD = gnu99;
				GCC_DYNAMIC_NO_PIC = NO;
				GCC_NO_COMMON_BLOCKS = YES;
				GCC_OPTIMIZATION_LEVEL = 0;
				GCC_PREPROCESSOR_DEFINITIONS = (
					"DEBUG=1",
					"$(inherited)",
				);
				GCC_WARN_64_TO_32_BIT_CONVERSION = YES;
				GCC_WARN_ABOUT_RETURN_TYPE = YES_ERROR;
				GCC_WARN_UNDECLARED_SELECTOR = YES;
				GCC_WARN_UNINITIALIZED_AUTOS = YES_AGGRESSIVE;
				GCC_WARN_UNUSED_FUNCTION = YES;
				GCC_WARN_UNUSED_VARIABLE = YES;
				IPHONEOS_DEPLOYMENT_TARGET = 10.2;
				MTL_ENABLE_DEBUG_INFO = YES;
				ONLY_ACTIVE_ARCH = YES;
				SDKROOT = iphoneos;
				TARGETED_DEVICE_FAMILY = "1,2";
			};
			name = Debug;
		};
		9780A6B9381DC292296401A6 /* Debug */ = {
			isa = XCBuildConfiguration;
			buildSettings = {
				INFOPLIST_FILE = "iOS多线程UITests/Info.plist";
				LD_RUNPATH_SEARCH_PATHS = "$(inherited) @executable_path/Frameworks @loader_path/Frameworks";
				PRODUCT_BUNDLE_IDENTIFIER = "com.beautilut.iOS多线程UITests";
				PRODUCT_NAME = "$(TARGET_NAME)";
				TEST_TARGET_NAME = "iOS多线程";
			};
			name = Debug;
		};
		9780A86F0A03E370B44D2244 /* Debug */ = {
			isa = XCBuildConfiguration;
			buildSettings = {
				ASSETCATALOG_COMPILER_APPICON_NAME = AppIcon;
				INFOPLIST_FILE = "iOS多线程/Info.plist";
				LD_RUNPATH_SEARCH_PATHS = "$(inherited) @executable_path/Frameworks";
				PRODUCT_BUNDLE_IDENTIFIER = "com.beautilut.iOS多线程";
				PRODUCT_NAME = "$(TARGET_NAME)";
			};
			name = Debug;
		};
		9780ABF42D89775B36E948F8 /* Release */ = {
			isa = XCBuildConfiguration;
			buildSettings = {
				ALWAYS_SEARCH_USER_PATHS = NO;
				CLANG_ANALYZER_NONNULL = YES;
				CLANG_CXX_LANGUAGE_STANDARD = "gnu++0x";
				CLANG_CXX_LIBRARY = "libc++";
				CLANG_ENABLE_MODULES = YES;
				CLANG_ENABLE_OBJC_ARC = YES;
				CLANG_WARN_BOOL_CONVERSION = YES;
				CLANG_WARN_CONSTANT_CONVERSION = YES;
				CLANG_WARN_DIRECT_OBJC_ISA_USAGE = YES_ERROR;
				CLANG_WARN_DOCUMENTATION_COMMENTS = YES;
				CLANG_WARN_EMPTY_BODY = YES;
				CLANG_WARN_ENUM_CONVERSION = YES;
				CLANG_WARN_INFINITE_RECURSION = YES;
				CLANG_WARN_INT_CONVERSION = YES;
				CLANG_WARN_OBJC_ROOT_CLASS = YES_ERROR;
				CLANG_WARN_SUSPICIOUS_MOVE = YES;
				CLANG_WARN_UNREACHABLE_CODE = YES;
				CLANG_WARN__DUPLICATE_METHOD_MATCH = YES;
				"CODE_SIGN_IDENTITY[sdk=iphoneos*]" = "iPhone Developer";
				COPY_PHASE_STRIP = NO;
				DEBUG_INFORMATION_FORMAT = "dwarf-with-dsym";
				ENABLE_NS_ASSERTIONS = NO;
				ENABLE_STRICT_OBJC_MSGSEND = YES;
				GCC_C_LANGUAGE_STANDARD = gnu99;
				GCC_NO_COMMON_BLOCKS = YES;
				GCC_WARN_64_TO_32_BIT_CONVERSION = YES;
				GCC_WARN_ABOUT_RETURN_TYPE = YES_ERROR;
				GCC_WARN_UNDECLARED_SELECTOR = YES;
				GCC_WARN_UNINITIALIZED_AUTOS = YES_AGGRESSIVE;
				GCC_WARN_UNUSED_FUNCTION = YES;
				GCC_WARN_UNUSED_VARIABLE = YES;
				IPHONEOS_DEPLOYMENT_TARGET = 10.2;
				MTL_ENABLE_DEBUG_INFO = NO;
				SDKROOT = iphoneos;
				TARGETED_DEVICE_FAMILY = "1,2";
				VALIDATE_PRODUCT = YES;
			};
			name = Release;
		};
		9780ADE1253C4C769A86B908 /* Release */ = {
			isa = XCBuildConfiguration;
			buildSettings = {
				INFOPLIST_FILE = "iOS多线程UITests/Info.plist";
				LD_RUNPATH_SEARCH_PATHS = "$(inherited) @executable_path/Frameworks @loader_path/Frameworks";
				PRODUCT_BUNDLE_IDENTIFIER = "com.beautilut.iOS多线程UITests";
				PRODUCT_NAME = "$(TARGET_NAME)";
				TEST_TARGET_NAME = "iOS多线程";
			};
			name = Release;
		};
		9780AE142FFAA3F5BE0F0611 /* Release */ = {
			isa = XCBuildConfiguration;
			buildSettings = {
				BUNDLE_LOADER = "$(BUILT_PRODUCTS_DIR)/iOS多线程.app/iOS多线程";
				INFOPLIST_FILE = "iOS多线程Tests/Info.plist";
				LD_RUNPATH_SEARCH_PATHS = "$(inherited) @executable_path/Frameworks @loader_path/Frameworks";
				PRODUCT_BUNDLE_IDENTIFIER = "com.beautilut.iOS多线程Tests";
				PRODUCT_NAME = "$(TARGET_NAME)";
				TEST_HOST = "$(BUNDLE_LOADER)";
			};
			name = Release;
		};
		9780AE8ACC95CA2C8DE249E5 /* Release */ = {
			isa = XCBuildConfiguration;
			buildSettings = {
				ASSETCATALOG_COMPILER_APPICON_NAME = AppIcon;
				INFOPLIST_FILE = "iOS多线程/Info.plist";
				LD_RUNPATH_SEARCH_PATHS = "$(inherited) @executable_path/Frameworks";
				PRODUCT_BUNDLE_IDENTIFIER = "com.beautilut.iOS多线程";
				PRODUCT_NAME = "$(TARGET_NAME)";
			};
			name = Release;
		};
/* End XCBuildConfiguration section */

/* Begin XCConfigurationList section */
		9780A0321995514D551DF012 /* Build configuration list for PBXProject "iOS多线程" */ = {
			isa = XCConfigurationList;
			buildConfigurations = (
				9780A44FDEDBD2E429F1D30C /* Debug */,
				9780ABF42D89775B36E948F8 /* Release */,
			);
			defaultConfigurationIsVisible = 0;
			defaultConfigurationName = Release;
		};
		9780A1D2FCE4040CD81BA2D2 /* Build configuration list for PBXNativeTarget "iOS多线程Tests" */ = {
			isa = XCConfigurationList;
			buildConfigurations = (
				9780A16080FA4296947E2507 /* Debug */,
				9780AE142FFAA3F5BE0F0611 /* Release */,
			);
			defaultConfigurationIsVisible = 0;
		};
		9780AA4BC48583609D3B77BE /* Build configuration list for PBXNativeTarget "iOS多线程" */ = {
			isa = XCConfigurationList;
			buildConfigurations = (
				9780A86F0A03E370B44D2244 /* Debug */,
				9780AE8ACC95CA2C8DE249E5 /* Release */,
			);
			defaultConfigurationIsVisible = 0;
		};
		9780AD0C80CF23A281227698 /* Build configuration list for PBXNativeTarget "iOS多线程UITests" */ = {
			isa = XCConfigurationList;
			buildConfigurations = (
				9780A6B9381DC292296401A6 /* Debug */,
				9780ADE1253C4C769A86B908 /* Release */,
			);
			defaultConfigurationIsVisible = 0;
		};
/* End XCConfigurationList section */
	};
	rootObject = 9780AA1A099D8D11B638E1B7 /* Project object */;
}
